
Microsoft Visual Studio Solution File, Format Version 12.00
# Visual Studio Version 16
VisualStudioVersion = 16.0.29306.81
MinimumVisualStudioVersion = 10.0.40219.1
Project("{FAE04EC0-301F-11D3-BF4B-00C04F79EFBC}") = "MemoryProject28102019", "MemoryProject28102019.csproj", "{D981AB0B-D8C1-4C08-95BA-3840CB15D00A}"
EndProject
Global
	GlobalSection(SolutionConfigurationPlatforms) = preSolution
		Debug|Any CPU = Debug|Any CPU
		Release|Any CPU = Release|Any CPU
	EndGlobalSection
	GlobalSection(ProjectConfigurationPlatforms) = postSolution
		{D981AB0B-D8C1-4C08-95BA-3840CB15D00A}.Debug|Any CPU.ActiveCfg = Debug|Any CPU
		{D981AB0B-D8C1-4C08-95BA-3840CB15D00A}.Debug|Any CPU.Build.0 = Debug|Any CPU
		{D981AB0B-D8C1-4C08-95BA-3840CB15D00A}.Release|Any CPU.ActiveCfg = Release|Any CPU
		{D981AB0B-D8C1-4C08-95BA-3840CB15D00A}.Release|Any CPU.Build.0 = Release|Any CPU
	EndGlobalSection
	GlobalSection(SolutionProperties) = preSolution
		HideSolutionNode = FALSE
	EndGlobalSection
	GlobalSection(ExtensibilityGlobals) = postSolution
		SolutionGuid = {1E5B0C5C-F93D-4E54-8BC2-A597A3F34E60}
	EndGlobalSection
EndGlobal
