
Microsoft Visual Studio Solution File, Format Version 12.00
# Visual Studio Version 16
VisualStudioVersion = 16.0.29306.81
MinimumVisualStudioVersion = 10.0.40219.1
Project("{FAE04EC0-301F-11D3-BF4B-00C04F79EFBC}") = "Memory21102019", "Memory21102019.csproj", "{8D030FFC-ABF7-4A80-96D9-CB7D9C44C935}"
EndProject
Global
	GlobalSection(SolutionConfigurationPlatforms) = preSolution
		Debug|Any CPU = Debug|Any CPU
		Release|Any CPU = Release|Any CPU
	EndGlobalSection
	GlobalSection(ProjectConfigurationPlatforms) = postSolution
		{8D030FFC-ABF7-4A80-96D9-CB7D9C44C935}.Debug|Any CPU.ActiveCfg = Debug|Any CPU
		{8D030FFC-ABF7-4A80-96D9-CB7D9C44C935}.Debug|Any CPU.Build.0 = Debug|Any CPU
		{8D030FFC-ABF7-4A80-96D9-CB7D9C44C935}.Release|Any CPU.ActiveCfg = Release|Any CPU
		{8D030FFC-ABF7-4A80-96D9-CB7D9C44C935}.Release|Any CPU.Build.0 = Release|Any CPU
	EndGlobalSection
	GlobalSection(SolutionProperties) = preSolution
		HideSolutionNode = FALSE
	EndGlobalSection
	GlobalSection(ExtensibilityGlobals) = postSolution
		SolutionGuid = {5AE380C0-7548-4D30-BAA2-8E751DD3A4D8}
	EndGlobalSection
EndGlobal
